
Microsoft Visual Studio Solution File, Format Version 12.00
# Visual Studio Version 17
VisualStudioVersion = 17.4.33213.308
MinimumVisualStudioVersion = 10.0.40219.1
Project("{FAE04EC0-301F-11D3-BF4B-00C04F79EFBC}") = "SDX", "SDX\SDX.csproj", "{4A33B931-6451-40D2-98B1-4A2F4C84A733}"
EndProject
Global
	GlobalSection(SolutionConfigurationPlatforms) = preSolution
		Debug|Any CPU = Debug|Any CPU
		Release|Any CPU = Release|Any CPU
	EndGlobalSection
	GlobalSection(ProjectConfigurationPlatforms) = postSolution
		{4A33B931-6451-40D2-98B1-4A2F4C84A733}.Debug|Any CPU.ActiveCfg = Debug|Any CPU
		{4A33B931-6451-40D2-98B1-4A2F4C84A733}.Debug|Any CPU.Build.0 = Debug|Any CPU
		{4A33B931-6451-40D2-98B1-4A2F4C84A733}.Release|Any CPU.ActiveCfg = Release|Any CPU
		{4A33B931-6451-40D2-98B1-4A2F4C84A733}.Release|Any CPU.Build.0 = Release|Any CPU
	EndGlobalSection
	GlobalSection(SolutionProperties) = preSolution
		HideSolutionNode = FALSE
	EndGlobalSection
	GlobalSection(ExtensibilityGlobals) = postSolution
		SolutionGuid = {2A5D689C-F7F4-43F6-8CBF-77A80FD9CDC0}
	EndGlobalSection
EndGlobal
